{
  "name": "parse-dockerfile-test",
  "version": "1.0.0",
  "lockfileVersion": 1,
  "requires": true,
  "dependencies": {
    "dockerfile-parser": {
      "version": "0.0.0-deprecate",
      "resolved": "https://registry.npmjs.org/dockerfile-parser/-/dockerfile-parser-0.0.0-deprecate.tgz",
      "integrity": "sha1-D4IPcblUlrmKfk5ikRixhX33oTY="
    }
  }
}
